// !$*UTF8*$!
{
	archiveVersion = 1;
	classes = {
	};
	objectVersion = 46;
	objects = {

/* Begin PBXBuildFile section */
		B98B18751794A46800DA7CA3 /* UIKit.framework in Frameworks */ = {isa = PBXBuildFile; fileRef = B98B18741794A46800DA7CA3 /* UIKit.framework */; };
		B98B18771794A46800DA7CA3 /* Foundation.framework in Frameworks */ = {isa = PBXBuildFile; fileRef = B98B18761794A46800DA7CA3 /* Foundation.framework */; };
		B98B18791794A46800DA7CA3 /* CoreGraphics.framework in Frameworks */ = {isa = PBXBuildFile; fileRef = B98B18781794A46800DA7CA3 /* CoreGraphics.framework */; };
		B98B187F1794A46800DA7CA3 /* InfoPlist.strings in Resources */ = {isa = PBXBuildFile; fileRef = B98B187D1794A46800DA7CA3 /* InfoPlist.strings */; };
		B98B18811794A46800DA7CA3 /* main.m in Sources */ = {isa = PBXBuildFile; fileRef = B98B18801794A46800DA7CA3 /* main.m */; };
		B98B18851794A46800DA7CA3 /* GAppDelegate.m in Sources */ = {isa = PBXBuildFile; fileRef = B98B18841794A46800DA7CA3 /* GAppDelegate.m */; };
		B98B18871794A46800DA7CA3 /* Default.png in Resources */ = {isa = PBXBuildFile; fileRef = B98B18861794A46800DA7CA3 /* Default.png */; };
		B98B18891794A46800DA7CA3 /* Default@2x.png in Resources */ = {isa = PBXBuildFile; fileRef = B98B18881794A46800DA7CA3 /* Default@2x.png */; };
		B98B188B1794A46800DA7CA3 /* Default-568h@2x.png in Resources */ = {isa = PBXBuildFile; fileRef = B98B188A1794A46800DA7CA3 /* Default-568h@2x.png */; };
		B98B188E1794A46800DA7CA3 /* MainStoryboard_iPhone.storyboard in Resources */ = {isa = PBXBuildFile; fileRef = B98B188C1794A46800DA7CA3 /* MainStoryboard_iPhone.storyboard */; };
		B98B18911794A46800DA7CA3 /* MainStoryboard_iPad.storyboard in Resources */ = {isa = PBXBuildFile; fileRef = B98B188F1794A46800DA7CA3 /* MainStoryboard_iPad.storyboard */; };
		B98B18941794A46800DA7CA3 /* GViewController.m in Sources */ = {isa = PBXBuildFile; fileRef = B98B18931794A46800DA7CA3 /* GViewController.m */; };
/* End PBXBuildFile section */

/* Begin PBXFileReference section */
		B98B18711794A46800DA7CA3 /* GeocacherApp.app */ = {isa = PBXFileReference; explicitFileType = wrapper.application; includeInIndex = 0; path = GeocacherApp.app; sourceTree = BUILT_PRODUCTS_DIR; };
		B98B18741794A46800DA7CA3 /* UIKit.framework */ = {isa = PBXFileReference; lastKnownFileType = wrapper.framework; name = UIKit.framework; path = System/Library/Frameworks/UIKit.framework; sourceTree = SDKROOT; };
		B98B18761794A46800DA7CA3 /* Foundation.framework */ = {isa = PBXFileReference; lastKnownFileType = wrapper.framework; name = Foundation.framework; path = System/Library/Frameworks/Foundation.framework; sourceTree = SDKROOT; };
		B98B18781794A46800DA7CA3 /* CoreGraphics.framework */ = {isa = PBXFileReference; lastKnownFileType = wrapper.framework; name = CoreGraphics.framework; path = System/Library/Frameworks/CoreGraphics.framework; sourceTree = SDKROOT; };
		B98B187C1794A46800DA7CA3 /* GeocacherApp-Info.plist */ = {isa = PBXFileReference; lastKnownFileType = text.plist.xml; path = "GeocacherApp-Info.plist"; sourceTree = "<group>"; };
		B98B187E1794A46800DA7CA3 /* en */ = {isa = PBXFileReference; lastKnownFileType = text.plist.strings; name = en; path = en.lproj/InfoPlist.strings; sourceTree = "<group>"; };
		B98B18801794A46800DA7CA3 /* main.m */ = {isa = PBXFileReference; lastKnownFileType = sourcecode.c.objc; path = main.m; sourceTree = "<group>"; };
		B98B18821794A46800DA7CA3 /* GeocacherApp-Prefix.pch */ = {isa = PBXFileReference; lastKnownFileType = sourcecode.c.h; path = "GeocacherApp-Prefix.pch"; sourceTree = "<group>"; };
		B98B18831794A46800DA7CA3 /* GAppDelegate.h */ = {isa = PBXFileReference; lastKnownFileType = sourcecode.c.h; path = GAppDelegate.h; sourceTree = "<group>"; };
		B98B18841794A46800DA7CA3 /* GAppDelegate.m */ = {isa = PBXFileReference; lastKnownFileType = sourcecode.c.objc; path = GAppDelegate.m; sourceTree = "<group>"; };
		B98B18861794A46800DA7CA3 /* Default.png */ = {isa = PBXFileReference; lastKnownFileType = image.png; path = Default.png; sourceTree = "<group>"; };
		B98B18881794A46800DA7CA3 /* Default@2x.png */ = {isa = PBXFileReference; lastKnownFileType = image.png; path = "Default@2x.png"; sourceTree = "<group>"; };
		B98B188A1794A46800DA7CA3 /* Default-568h@2x.png */ = {isa = PBXFileReference; lastKnownFileType = image.png; path = "Default-568h@2x.png"; sourceTree = "<group>"; };
		B98B188D1794A46800DA7CA3 /* en */ = {isa = PBXFileReference; lastKnownFileType = file.storyboard; name = en; path = en.lproj/MainStoryboard_iPhone.storyboard; sourceTree = "<group>"; };
		B98B18901794A46800DA7CA3 /* en */ = {isa = PBXFileReference; lastKnownFileType = file.storyboard; name = en; path = en.lproj/MainStoryboard_iPad.storyboard; sourceTree = "<group>"; };
		B98B18921794A46800DA7CA3 /* GViewController.h */ = {isa = PBXFileReference; lastKnownFileType = sourcecode.c.h; path = GViewController.h; sourceTree = "<group>"; };
		B98B18931794A46800DA7CA3 /* GViewController.m */ = {isa = PBXFileReference; lastKnownFileType = sourcecode.c.objc; path = GViewController.m; sourceTree = "<group>"; };
/* End PBXFileReference section */

/* Begin PBXFrameworksBuildPhase section */
		B98B186E1794A46800DA7CA3 /* Frameworks */ = {
			isa = PBXFrameworksBuildPhase;
			buildActionMask = 2147483647;
			files = (
				B98B18751794A46800DA7CA3 /* UIKit.framework in Frameworks */,
				B98B18771794A46800DA7CA3 /* Foundation.framework in Frameworks */,
				B98B18791794A46800DA7CA3 /* CoreGraphics.framework in Frameworks */,
			);
			runOnlyForDeploymentPostprocessing = 0;
		};
/* End PBXFrameworksBuildPhase section */

/* Begin PBXGroup section */
		B98B18681794A46800DA7CA3 = {
			isa = PBXGroup;
			children = (
				B98B187A1794A46800DA7CA3 /* GeocacherApp */,
				B98B18731794A46800DA7CA3 /* Frameworks */,
				B98B18721794A46800DA7CA3 /* Products */,
			);
			sourceTree = "<group>";
		};
		B98B18721794A46800DA7CA3 /* Products */ = {
			isa = PBXGroup;
			children = (
				B98B18711794A46800DA7CA3 /* GeocacherApp.app */,
			);
			name = Products;
			sourceTree = "<group>";
		};
		B98B18731794A46800DA7CA3 /* Frameworks */ = {
			isa = PBXGroup;
			children = (
				B98B18741794A46800DA7CA3 /* UIKit.framework */,
				B98B18761794A46800DA7CA3 /* Foundation.framework */,
				B98B18781794A46800DA7CA3 /* CoreGraphics.framework */,
			);
			name = Frameworks;
			sourceTree = "<group>";
		};
		B98B187A1794A46800DA7CA3 /* GeocacherApp */ = {
			isa = PBXGroup;
			children = (
				B98B18831794A46800DA7CA3 /* GAppDelegate.h */,
				B98B18841794A46800DA7CA3 /* GAppDelegate.m */,
				B98B188C1794A46800DA7CA3 /* MainStoryboard_iPhone.storyboard */,
				B98B188F1794A46800DA7CA3 /* MainStoryboard_iPad.storyboard */,
				B98B18921794A46800DA7CA3 /* GViewController.h */,
				B98B18931794A46800DA7CA3 /* GViewController.m */,
				B98B187B1794A46800DA7CA3 /* Supporting Files */,
			);
			path = GeocacherApp;
			sourceTree = "<group>";
		};
		B98B187B1794A46800DA7CA3 /* Supporting Files */ = {
			isa = PBXGroup;
			children = (
				B98B187C1794A46800DA7CA3 /* GeocacherApp-Info.plist */,
				B98B187D1794A46800DA7CA3 /* InfoPlist.strings */,
				B98B18801794A46800DA7CA3 /* main.m */,
				B98B18821794A46800DA7CA3 /* GeocacherApp-Prefix.pch */,
				B98B18861794A46800DA7CA3 /* Default.png */,
				B98B18881794A46800DA7CA3 /* Default@2x.png */,
				B98B188A1794A46800DA7CA3 /* Default-568h@2x.png */,
			);
			name = "Supporting Files";
			sourceTree = "<group>";
		};
/* End PBXGroup section */

/* Begin PBXNativeTarget section */
		B98B18701794A46800DA7CA3 /* GeocacherApp */ = {
			isa = PBXNativeTarget;
			buildConfigurationList = B98B18971794A46800DA7CA3 /* Build configuration list for PBXNativeTarget "GeocacherApp" */;
			buildPhases = (
				B98B186D1794A46800DA7CA3 /* Sources */,
				B98B186E1794A46800DA7CA3 /* Frameworks */,
				B98B186F1794A46800DA7CA3 /* Resources */,
			);
			buildRules = (
			);
			dependencies = (
			);
			name = GeocacherApp;
			productName = GeocacherApp;
			productReference = B98B18711794A46800DA7CA3 /* GeocacherApp.app */;
			productType = "com.apple.product-type.application";
		};
/* End PBXNativeTarget section */

/* Begin PBXProject section */
		B98B18691794A46800DA7CA3 /* Project object */ = {
			isa = PBXProject;
			attributes = {
				CLASSPREFIX = G;
				LastUpgradeCheck = 0460;
				ORGANIZATIONNAME = "Thomas Finch";
			};
			buildConfigurationList = B98B186C1794A46800DA7CA3 /* Build configuration list for PBXProject "GeocacherApp" */;
			compatibilityVersion = "Xcode 3.2";
			developmentRegion = English;
			hasScannedForEncodings = 0;
			knownRegions = (
				en,
			);
			mainGroup = B98B18681794A46800DA7CA3;
			productRefGroup = B98B18721794A46800DA7CA3 /* Products */;
			projectDirPath = "";
			projectRoot = "";
			targets = (
				B98B18701794A46800DA7CA3 /* GeocacherApp */,
			);
		};
/* End PBXProject section */

/* Begin PBXResourcesBuildPhase section */
		B98B186F1794A46800DA7CA3 /* Resources */ = {
			isa = PBXResourcesBuildPhase;
			buildActionMask = 2147483647;
			files = (
				B98B187F1794A46800DA7CA3 /* InfoPlist.strings in Resources */,
				B98B18871794A46800DA7CA3 /* Default.png in Resources */,
				B98B18891794A46800DA7CA3 /* Default@2x.png in Resources */,
				B98B188B1794A46800DA7CA3 /* Default-568h@2x.png in Resources */,
				B98B188E1794A46800DA7CA3 /* MainStoryboard_iPhone.storyboard in Resources */,
				B98B18911794A46800DA7CA3 /* MainStoryboard_iPad.storyboard in Resources */,
			);
			runOnlyForDeploymentPostprocessing = 0;
		};
/* End PBXResourcesBuildPhase section */

/* Begin PBXSourcesBuildPhase section */
		B98B186D1794A46800DA7CA3 /* Sources */ = {
			isa = PBXSourcesBuildPhase;
			buildActionMask = 2147483647;
			files = (
				B98B18811794A46800DA7CA3 /* main.m in Sources */,
				B98B18851794A46800DA7CA3 /* GAppDelegate.m in Sources */,
				B98B18941794A46800DA7CA3 /* GViewController.m in Sources */,
			);
			runOnlyForDeploymentPostprocessing = 0;
		};
/* End PBXSourcesBuildPhase section */

/* Begin PBXVariantGroup section */
		B98B187D1794A46800DA7CA3 /* InfoPlist.strings */ = {
			isa = PBXVariantGroup;
			children = (
				B98B187E1794A46800DA7CA3 /* en */,
			);
			name = InfoPlist.strings;
			sourceTree = "<group>";
		};
		B98B188C1794A46800DA7CA3 /* MainStoryboard_iPhone.storyboard */ = {
			isa = PBXVariantGroup;
			children = (
				B98B188D1794A46800DA7CA3 /* en */,
			);
			name = MainStoryboard_iPhone.storyboard;
			sourceTree = "<group>";
		};
		B98B188F1794A46800DA7CA3 /* MainStoryboard_iPad.storyboard */ = {
			isa = PBXVariantGroup;
			children = (
				B98B18901794A46800DA7CA3 /* en */,
			);
			name = MainStoryboard_iPad.storyboard;
			sourceTree = "<group>";
		};
/* End PBXVariantGroup section */

/* Begin XCBuildConfiguration section */
		B98B18951794A46800DA7CA3 /* Debug */ = {
			isa = XCBuildConfiguration;
			buildSettings = {
				ALWAYS_SEARCH_USER_PATHS = NO;
				CLANG_CXX_LANGUAGE_STANDARD = "gnu++0x";
				CLANG_CXX_LIBRARY = "libc++";
				CLANG_ENABLE_OBJC_ARC = YES;
				CLANG_WARN_CONSTANT_CONVERSION = YES;
				CLANG_WARN_EMPTY_BODY = YES;
				CLANG_WARN_ENUM_CONVERSION = YES;
				CLANG_WARN_INT_CONVERSION = YES;
				CLANG_WARN__DUPLICATE_METHOD_MATCH = YES;
				"CODE_SIGN_IDENTITY[sdk=iphoneos*]" = "iPhone Developer";
				COPY_PHASE_STRIP = NO;
				GCC_C_LANGUAGE_STANDARD = gnu99;
				GCC_DYNAMIC_NO_PIC = NO;
				GCC_OPTIMIZATION_LEVEL = 0;
				GCC_PREPROCESSOR_DEFINITIONS = (
					"DEBUG=1",
					"$(inherited)",
				);
				GCC_SYMBOLS_PRIVATE_EXTERN = NO;
				GCC_WARN_ABOUT_RETURN_TYPE = YES;
				GCC_WARN_UNINITIALIZED_AUTOS = YES;
				GCC_WARN_UNUSED_VARIABLE = YES;
				IPHONEOS_DEPLOYMENT_TARGET = 6.1;
				ONLY_ACTIVE_ARCH = YES;
				SDKROOT = iphoneos;
				TARGETED_DEVICE_FAMILY = "1,2";
			};
			name = Debug;
		};
		B98B18961794A46800DA7CA3 /* Release */ = {
			isa = XCBuildConfiguration;
			buildSettings = {
				ALWAYS_SEARCH_USER_PATHS = NO;
				CLANG_CXX_LANGUAGE_STANDARD = "gnu++0x";
				CLANG_CXX_LIBRARY = "libc++";
				CLANG_ENABLE_OBJC_ARC = YES;
				CLANG_WARN_CONSTANT_CONVERSION = YES;
				CLANG_WARN_EMPTY_BODY = YES;
				CLANG_WARN_ENUM_CONVERSION = YES;
				CLANG_WARN_INT_CONVERSION = YES;
				CLANG_WARN__DUPLICATE_METHOD_MATCH = YES;
				"CODE_SIGN_IDENTITY[sdk=iphoneos*]" = "iPhone Developer";
				COPY_PHASE_STRIP = YES;
				GCC_C_LANGUAGE_STANDARD = gnu99;
				GCC_WARN_ABOUT_RETURN_TYPE = YES;
				GCC_WARN_UNINITIALIZED_AUTOS = YES;
				GCC_WARN_UNUSED_VARIABLE = YES;
				IPHONEOS_DEPLOYMENT_TARGET = 6.1;
				OTHER_CFLAGS = "-DNS_BLOCK_ASSERTIONS=1";
				SDKROOT = iphoneos;
				TARGETED_DEVICE_FAMILY = "1,2";
				VALIDATE_PRODUCT = YES;
			};
			name = Release;
		};
		B98B18981794A46800DA7CA3 /* Debug */ = {
			isa = XCBuildConfiguration;
			buildSettings = {
				GCC_PRECOMPILE_PREFIX_HEADER = YES;
				GCC_PREFIX_HEADER = "GeocacherApp/GeocacherApp-Prefix.pch";
				INFOPLIST_FILE = "GeocacherApp/GeocacherApp-Info.plist";
				PRODUCT_NAME = "$(TARGET_NAME)";
				WRAPPER_EXTENSION = app;
			};
			name = Debug;
		};
		B98B18991794A46800DA7CA3 /* Release */ = {
			isa = XCBuildConfiguration;
			buildSettings = {
				GCC_PRECOMPILE_PREFIX_HEADER = YES;
				GCC_PREFIX_HEADER = "GeocacherApp/GeocacherApp-Prefix.pch";
				INFOPLIST_FILE = "GeocacherApp/GeocacherApp-Info.plist";
				PRODUCT_NAME = "$(TARGET_NAME)";
				WRAPPER_EXTENSION = app;
			};
			name = Release;
		};
/* End XCBuildConfiguration section */

/* Begin XCConfigurationList section */
		B98B186C1794A46800DA7CA3 /* Build configuration list for PBXProject "GeocacherApp" */ = {
			isa = XCConfigurationList;
			buildConfigurations = (
				B98B18951794A46800DA7CA3 /* Debug */,
				B98B18961794A46800DA7CA3 /* Release */,
			);
			defaultConfigurationIsVisible = 0;
			defaultConfigurationName = Release;
		};
		B98B18971794A46800DA7CA3 /* Build configuration list for PBXNativeTarget "GeocacherApp" */ = {
			isa = XCConfigurationList;
			buildConfigurations = (
				B98B18981794A46800DA7CA3 /* Debug */,
				B98B18991794A46800DA7CA3 /* Release */,
			);
			defaultConfigurationIsVisible = 0;
		};
/* End XCConfigurationList section */
	};
	rootObject = B98B18691794A46800DA7CA3 /* Project object */;
}
